
Microsoft Visual Studio Solution File, Format Version 12.00
Project("{FAE04EC0-301F-11D3-BF4B-00C04F79EFBC}") = "DiscordOperaNitroGen", "DiscordOperaNitroGen\DiscordOperaNitroGen.csproj", "{2118A78E-C3A9-431A-A5D6-A5FF9AC01456}"
EndProject
Global
	GlobalSection(SolutionConfigurationPlatforms) = preSolution
		Debug|Any CPU = Debug|Any CPU
		Release|Any CPU = Release|Any CPU
	EndGlobalSection
	GlobalSection(ProjectConfigurationPlatforms) = postSolution
		{2118A78E-C3A9-431A-A5D6-A5FF9AC01456}.Debug|Any CPU.ActiveCfg = Debug|Any CPU
		{2118A78E-C3A9-431A-A5D6-A5FF9AC01456}.Debug|Any CPU.Build.0 = Debug|Any CPU
		{2118A78E-C3A9-431A-A5D6-A5FF9AC01456}.Release|Any CPU.ActiveCfg = Release|Any CPU
		{2118A78E-C3A9-431A-A5D6-A5FF9AC01456}.Release|Any CPU.Build.0 = Release|Any CPU
	EndGlobalSection
EndGlobal
